// !$*UTF8*$!
{
	archiveVersion = 1;
	classes = {
	};
	objectVersion = 56;
	objects = {

/* Begin PBXBuildFile section */
		D00AA1132A6DFEFB0021E06D /* SecondaryButton.swift in Sources */ = {isa = PBXBuildFile; fileRef = D00AA1122A6DFEFB0021E06D /* SecondaryButton.swift */; };
		D01DDD492A8EDA5A009A6CFE /* GoogleService-Info.plist in Resources */ = {isa = PBXBuildFile; fileRef = D01DDD482A8EDA5A009A6CFE /* GoogleService-Info.plist */; };
		D01DDD4C2A8EDABC009A6CFE /* GoogleSignIn in Frameworks */ = {isa = PBXBuildFile; productRef = D01DDD4B2A8EDABC009A6CFE /* GoogleSignIn */; };
		D01DDD4E2A8EDABC009A6CFE /* GoogleSignInSwift in Frameworks */ = {isa = PBXBuildFile; productRef = D01DDD4D2A8EDABC009A6CFE /* GoogleSignInSwift */; };
		D01DDD502A8EDB84009A6CFE /* SignInWithButton.swift in Sources */ = {isa = PBXBuildFile; fileRef = D01DDD4F2A8EDB84009A6CFE /* SignInWithButton.swift */; };
		D01DDD522A8EDBC4009A6CFE /* ViewExtension.swift in Sources */ = {isa = PBXBuildFile; fileRef = D01DDD512A8EDBC4009A6CFE /* ViewExtension.swift */; };
		D01DDD542A8EDC09009A6CFE /* ColorExtension.swift in Sources */ = {isa = PBXBuildFile; fileRef = D01DDD532A8EDC09009A6CFE /* ColorExtension.swift */; };
		D039E3302A74AFF90019B01A /* ToDoListModel.swift in Sources */ = {isa = PBXBuildFile; fileRef = D039E32F2A74AFF90019B01A /* ToDoListModel.swift */; };
		D06E92312A64C8CF0064137D /* EncodableExtension.swift in Sources */ = {isa = PBXBuildFile; fileRef = D06E92302A64C8CF0064137D /* EncodableExtension.swift */; };
		D06E92362A672CA60064137D /* AlignmentExtension.swift in Sources */ = {isa = PBXBuildFile; fileRef = D06E92352A672CA60064137D /* AlignmentExtension.swift */; };
		D06E92382A672D570064137D /* StatefulPreviewWrapper.swift in Sources */ = {isa = PBXBuildFile; fileRef = D06E92372A672D570064137D /* StatefulPreviewWrapper.swift */; };
		D06E92422A6844AD0064137D /* ToggleButton.swift in Sources */ = {isa = PBXBuildFile; fileRef = D06E92412A6844AD0064137D /* ToggleButton.swift */; };
		D06E92442A685BB30064137D /* BindingExtension.swift in Sources */ = {isa = PBXBuildFile; fileRef = D06E92432A685BB30064137D /* BindingExtension.swift */; };
		D0DA569F2ABE28AC0068D7AD /* Route.swift in Sources */ = {isa = PBXBuildFile; fileRef = D0DA569E2ABE28AC0068D7AD /* Route.swift */; };
		D0DA56A22ABE2AAF0068D7AD /* SwiftKeychainWrapper in Frameworks */ = {isa = PBXBuildFile; productRef = D0DA56A12ABE2AAF0068D7AD /* SwiftKeychainWrapper */; };
		D0DA56A42ABE2B9C0068D7AD /* ListService.swift in Sources */ = {isa = PBXBuildFile; fileRef = D0DA56A32ABE2B9C0068D7AD /* ListService.swift */; };
		D0DA56A72ABE2C300068D7AD /* FirebaseService.swift in Sources */ = {isa = PBXBuildFile; fileRef = D0DA56A62ABE2C300068D7AD /* FirebaseService.swift */; };
		D0DA56A92ABE2C720068D7AD /* FirestorePath.swift in Sources */ = {isa = PBXBuildFile; fileRef = D0DA56A82ABE2C720068D7AD /* FirestorePath.swift */; };
		D0DA56AB2ABF55F90068D7AD /* AddNewButton.swift in Sources */ = {isa = PBXBuildFile; fileRef = D0DA56AA2ABF55F90068D7AD /* AddNewButton.swift */; };
		D0DA56AD2ABF5A240068D7AD /* Mock.swift in Sources */ = {isa = PBXBuildFile; fileRef = D0DA56AC2ABF5A240068D7AD /* Mock.swift */; };
		D0DA56AF2ABF6F770068D7AD /* AuthService.swift in Sources */ = {isa = PBXBuildFile; fileRef = D0DA56AE2ABF6F770068D7AD /* AuthService.swift */; };
		D0DA8BAE2A7DACF500458284 /* SettingsButton.swift in Sources */ = {isa = PBXBuildFile; fileRef = D0DA8BAD2A7DACF500458284 /* SettingsButton.swift */; };
		D0E5ACC12A8C863D00834F8B /* FirebaseAuth in Frameworks */ = {isa = PBXBuildFile; productRef = D0E5ACC02A8C863D00834F8B /* FirebaseAuth */; };
		D0E5ACC32A8C863D00834F8B /* FirebaseFirestore in Frameworks */ = {isa = PBXBuildFile; productRef = D0E5ACC22A8C863D00834F8B /* FirebaseFirestore */; };
		D0E5ACC52A8C863D00834F8B /* FirebaseFirestoreSwift in Frameworks */ = {isa = PBXBuildFile; productRef = D0E5ACC42A8C863D00834F8B /* FirebaseFirestoreSwift */; };
		D0FF05AB2A5CC9BD005B1C5B /* ToDoListApp.swift in Sources */ = {isa = PBXBuildFile; fileRef = D0FF05AA2A5CC9BD005B1C5B /* ToDoListApp.swift */; };
		D0FF05AD2A5CC9BD005B1C5B /* HomeView.swift in Sources */ = {isa = PBXBuildFile; fileRef = D0FF05AC2A5CC9BD005B1C5B /* HomeView.swift */; };
		D0FF05AF2A5CC9BE005B1C5B /* Assets.xcassets in Resources */ = {isa = PBXBuildFile; fileRef = D0FF05AE2A5CC9BE005B1C5B /* Assets.xcassets */; };
		D0FF05B22A5CC9BE005B1C5B /* Preview Assets.xcassets in Resources */ = {isa = PBXBuildFile; fileRef = D0FF05B12A5CC9BE005B1C5B /* Preview Assets.xcassets */; };
		D0FF05D42A5CE0ED005B1C5B /* SettingsView.swift in Sources */ = {isa = PBXBuildFile; fileRef = D0FF05D32A5CE0ED005B1C5B /* SettingsView.swift */; };
		D0FF05D82A5CE100005B1C5B /* ToDoListView.swift in Sources */ = {isa = PBXBuildFile; fileRef = D0FF05D72A5CE100005B1C5B /* ToDoListView.swift */; };
		D0FF05DC2A5CE116005B1C5B /* LoginView.swift in Sources */ = {isa = PBXBuildFile; fileRef = D0FF05DB2A5CE116005B1C5B /* LoginView.swift */; };
		D0FF05E32A5CE160005B1C5B /* UserModel.swift in Sources */ = {isa = PBXBuildFile; fileRef = D0FF05E22A5CE160005B1C5B /* UserModel.swift */; };
		D0FF05E52A5CE170005B1C5B /* ToDoListItemModel.swift in Sources */ = {isa = PBXBuildFile; fileRef = D0FF05E42A5CE170005B1C5B /* ToDoListItemModel.swift */; };
		D0FF05EB2A5CE1D6005B1C5B /* MainModel.swift in Sources */ = {isa = PBXBuildFile; fileRef = D0FF05EA2A5CE1D6005B1C5B /* MainModel.swift */; };
		D0FF05EF2A5CE1E8005B1C5B /* Validations.swift in Sources */ = {isa = PBXBuildFile; fileRef = D0FF05EE2A5CE1E8005B1C5B /* Validations.swift */; };
		D0FF05F62A5DB63B005B1C5B /* ScreenSize.swift in Sources */ = {isa = PBXBuildFile; fileRef = D0FF05F52A5DB63B005B1C5B /* ScreenSize.swift */; };
		D0FF05F82A5DBA7E005B1C5B /* HeaderView.swift in Sources */ = {isa = PBXBuildFile; fileRef = D0FF05F72A5DBA7E005B1C5B /* HeaderView.swift */; };
		D0FF05FA2A5DBB09005B1C5B /* GradientView.swift in Sources */ = {isa = PBXBuildFile; fileRef = D0FF05F92A5DBB09005B1C5B /* GradientView.swift */; };
		D0FF06042A5F2895005B1C5B /* PrimaryButton.swift in Sources */ = {isa = PBXBuildFile; fileRef = D0FF06032A5F2895005B1C5B /* PrimaryButton.swift */; };
		D0FF060C2A5F3103005B1C5B /* RegisterView.swift in Sources */ = {isa = PBXBuildFile; fileRef = D0FF060B2A5F3103005B1C5B /* RegisterView.swift */; };
/* End PBXBuildFile section */

/* Begin PBXFileReference section */
		D00AA1122A6DFEFB0021E06D /* SecondaryButton.swift */ = {isa = PBXFileReference; lastKnownFileType = sourcecode.swift; path = SecondaryButton.swift; sourceTree = "<group>"; };
		D01DDD482A8EDA5A009A6CFE /* GoogleService-Info.plist */ = {isa = PBXFileReference; fileEncoding = 4; lastKnownFileType = text.plist.xml; name = "GoogleService-Info.plist"; path = "../../../Downloads/GoogleService-Info.plist"; sourceTree = "<group>"; };
		D01DDD4F2A8EDB84009A6CFE /* SignInWithButton.swift */ = {isa = PBXFileReference; lastKnownFileType = sourcecode.swift; path = SignInWithButton.swift; sourceTree = "<group>"; };
		D01DDD512A8EDBC4009A6CFE /* ViewExtension.swift */ = {isa = PBXFileReference; lastKnownFileType = sourcecode.swift; path = ViewExtension.swift; sourceTree = "<group>"; };
		D01DDD532A8EDC09009A6CFE /* ColorExtension.swift */ = {isa = PBXFileReference; lastKnownFileType = sourcecode.swift; path = ColorExtension.swift; sourceTree = "<group>"; };
		D039E32F2A74AFF90019B01A /* ToDoListModel.swift */ = {isa = PBXFileReference; lastKnownFileType = sourcecode.swift; path = ToDoListModel.swift; sourceTree = "<group>"; };
		D06E92302A64C8CF0064137D /* EncodableExtension.swift */ = {isa = PBXFileReference; lastKnownFileType = sourcecode.swift; path = EncodableExtension.swift; sourceTree = "<group>"; };
		D06E92352A672CA60064137D /* AlignmentExtension.swift */ = {isa = PBXFileReference; lastKnownFileType = sourcecode.swift; path = AlignmentExtension.swift; sourceTree = "<group>"; };
		D06E92372A672D570064137D /* StatefulPreviewWrapper.swift */ = {isa = PBXFileReference; lastKnownFileType = sourcecode.swift; path = StatefulPreviewWrapper.swift; sourceTree = "<group>"; };
		D06E92412A6844AD0064137D /* ToggleButton.swift */ = {isa = PBXFileReference; lastKnownFileType = sourcecode.swift; path = ToggleButton.swift; sourceTree = "<group>"; };
		D06E92432A685BB30064137D /* BindingExtension.swift */ = {isa = PBXFileReference; lastKnownFileType = sourcecode.swift; path = BindingExtension.swift; sourceTree = "<group>"; };
		D0DA569E2ABE28AC0068D7AD /* Route.swift */ = {isa = PBXFileReference; lastKnownFileType = sourcecode.swift; path = Route.swift; sourceTree = "<group>"; };
		D0DA56A32ABE2B9C0068D7AD /* ListService.swift */ = {isa = PBXFileReference; lastKnownFileType = sourcecode.swift; path = ListService.swift; sourceTree = "<group>"; };
		D0DA56A62ABE2C300068D7AD /* FirebaseService.swift */ = {isa = PBXFileReference; lastKnownFileType = sourcecode.swift; path = FirebaseService.swift; sourceTree = "<group>"; };
		D0DA56A82ABE2C720068D7AD /* FirestorePath.swift */ = {isa = PBXFileReference; lastKnownFileType = sourcecode.swift; path = FirestorePath.swift; sourceTree = "<group>"; };
		D0DA56AA2ABF55F90068D7AD /* AddNewButton.swift */ = {isa = PBXFileReference; lastKnownFileType = sourcecode.swift; path = AddNewButton.swift; sourceTree = "<group>"; };
		D0DA56AC2ABF5A240068D7AD /* Mock.swift */ = {isa = PBXFileReference; lastKnownFileType = sourcecode.swift; path = Mock.swift; sourceTree = "<group>"; };
		D0DA56AE2ABF6F770068D7AD /* AuthService.swift */ = {isa = PBXFileReference; lastKnownFileType = sourcecode.swift; path = AuthService.swift; sourceTree = "<group>"; };
		D0DA8BAD2A7DACF500458284 /* SettingsButton.swift */ = {isa = PBXFileReference; lastKnownFileType = sourcecode.swift; path = SettingsButton.swift; sourceTree = "<group>"; };
		D0E5ACC82A8C889F00834F8B /* Info.plist */ = {isa = PBXFileReference; lastKnownFileType = text.plist.xml; path = Info.plist; sourceTree = "<group>"; };
		D0FF05A72A5CC9BD005B1C5B /* ToDoList.app */ = {isa = PBXFileReference; explicitFileType = wrapper.application; includeInIndex = 0; path = ToDoList.app; sourceTree = BUILT_PRODUCTS_DIR; };
		D0FF05AA2A5CC9BD005B1C5B /* ToDoListApp.swift */ = {isa = PBXFileReference; lastKnownFileType = sourcecode.swift; path = ToDoListApp.swift; sourceTree = "<group>"; };
		D0FF05AC2A5CC9BD005B1C5B /* HomeView.swift */ = {isa = PBXFileReference; lastKnownFileType = sourcecode.swift; path = HomeView.swift; sourceTree = "<group>"; };
		D0FF05AE2A5CC9BE005B1C5B /* Assets.xcassets */ = {isa = PBXFileReference; lastKnownFileType = folder.assetcatalog; path = Assets.xcassets; sourceTree = "<group>"; };
		D0FF05B12A5CC9BE005B1C5B /* Preview Assets.xcassets */ = {isa = PBXFileReference; lastKnownFileType = folder.assetcatalog; path = "Preview Assets.xcassets"; sourceTree = "<group>"; };
		D0FF05D32A5CE0ED005B1C5B /* SettingsView.swift */ = {isa = PBXFileReference; lastKnownFileType = sourcecode.swift; path = SettingsView.swift; sourceTree = "<group>"; };
		D0FF05D72A5CE100005B1C5B /* ToDoListView.swift */ = {isa = PBXFileReference; lastKnownFileType = sourcecode.swift; path = ToDoListView.swift; sourceTree = "<group>"; };
		D0FF05DB2A5CE116005B1C5B /* LoginView.swift */ = {isa = PBXFileReference; lastKnownFileType = sourcecode.swift; path = LoginView.swift; sourceTree = "<group>"; };
		D0FF05E22A5CE160005B1C5B /* UserModel.swift */ = {isa = PBXFileReference; lastKnownFileType = sourcecode.swift; path = UserModel.swift; sourceTree = "<group>"; };
		D0FF05E42A5CE170005B1C5B /* ToDoListItemModel.swift */ = {isa = PBXFileReference; lastKnownFileType = sourcecode.swift; path = ToDoListItemModel.swift; sourceTree = "<group>"; };
		D0FF05EA2A5CE1D6005B1C5B /* MainModel.swift */ = {isa = PBXFileReference; lastKnownFileType = sourcecode.swift; path = MainModel.swift; sourceTree = "<group>"; };
		D0FF05EE2A5CE1E8005B1C5B /* Validations.swift */ = {isa = PBXFileReference; lastKnownFileType = sourcecode.swift; path = Validations.swift; sourceTree = "<group>"; };
		D0FF05F52A5DB63B005B1C5B /* ScreenSize.swift */ = {isa = PBXFileReference; fileEncoding = 4; lastKnownFileType = sourcecode.swift; path = ScreenSize.swift; sourceTree = "<group>"; };
		D0FF05F72A5DBA7E005B1C5B /* HeaderView.swift */ = {isa = PBXFileReference; lastKnownFileType = sourcecode.swift; path = HeaderView.swift; sourceTree = "<group>"; };
		D0FF05F92A5DBB09005B1C5B /* GradientView.swift */ = {isa = PBXFileReference; lastKnownFileType = sourcecode.swift; path = GradientView.swift; sourceTree = "<group>"; };
		D0FF06032A5F2895005B1C5B /* PrimaryButton.swift */ = {isa = PBXFileReference; lastKnownFileType = sourcecode.swift; path = PrimaryButton.swift; sourceTree = "<group>"; };
		D0FF060B2A5F3103005B1C5B /* RegisterView.swift */ = {isa = PBXFileReference; lastKnownFileType = sourcecode.swift; path = RegisterView.swift; sourceTree = "<group>"; };
/* End PBXFileReference section */

/* Begin PBXFrameworksBuildPhase section */
		D0FF05A42A5CC9BD005B1C5B /* Frameworks */ = {
			isa = PBXFrameworksBuildPhase;
			buildActionMask = 2147483647;
			files = (
				D01DDD4E2A8EDABC009A6CFE /* GoogleSignInSwift in Frameworks */,
				D0E5ACC12A8C863D00834F8B /* FirebaseAuth in Frameworks */,
				D0DA56A22ABE2AAF0068D7AD /* SwiftKeychainWrapper in Frameworks */,
				D01DDD4C2A8EDABC009A6CFE /* GoogleSignIn in Frameworks */,
				D0E5ACC32A8C863D00834F8B /* FirebaseFirestore in Frameworks */,
				D0E5ACC52A8C863D00834F8B /* FirebaseFirestoreSwift in Frameworks */,
			);
			runOnlyForDeploymentPostprocessing = 0;
		};
/* End PBXFrameworksBuildPhase section */

/* Begin PBXGroup section */
		D06E922F2A64C8B00064137D /* Extensions */ = {
			isa = PBXGroup;
			children = (
				D06E92302A64C8CF0064137D /* EncodableExtension.swift */,
				D06E92352A672CA60064137D /* AlignmentExtension.swift */,
				D06E92432A685BB30064137D /* BindingExtension.swift */,
				D01DDD512A8EDBC4009A6CFE /* ViewExtension.swift */,
				D01DDD532A8EDC09009A6CFE /* ColorExtension.swift */,
			);
			path = Extensions;
			sourceTree = "<group>";
		};
		D0DA569D2ABE289E0068D7AD /* Router */ = {
			isa = PBXGroup;
			children = (
				D0DA569E2ABE28AC0068D7AD /* Route.swift */,
			);
			path = Router;
			sourceTree = "<group>";
		};
		D0DA56A52ABE2C100068D7AD /* FirebaseService */ = {
			isa = PBXGroup;
			children = (
				D0DA56A62ABE2C300068D7AD /* FirebaseService.swift */,
				D0DA56A82ABE2C720068D7AD /* FirestorePath.swift */,
			);
			path = FirebaseService;
			sourceTree = "<group>";
		};
		D0DA56B02ABF91300068D7AD /* Networking */ = {
			isa = PBXGroup;
			children = (
				D0FF05E12A5CE13B005B1C5B /* Models */,
				D0DA56A52ABE2C100068D7AD /* FirebaseService */,
			);
			path = Networking;
			sourceTree = "<group>";
		};
		D0FF059E2A5CC9BD005B1C5B = {
			isa = PBXGroup;
			children = (
				D0FF05A92A5CC9BD005B1C5B /* ToDoList */,
				D0FF05A82A5CC9BD005B1C5B /* Products */,
			);
			sourceTree = "<group>";
		};
		D0FF05A82A5CC9BD005B1C5B /* Products */ = {
			isa = PBXGroup;
			children = (
				D0FF05A72A5CC9BD005B1C5B /* ToDoList.app */,
			);
			name = Products;
			sourceTree = "<group>";
		};
		D0FF05A92A5CC9BD005B1C5B /* ToDoList */ = {
			isa = PBXGroup;
			children = (
				D0FF05AA2A5CC9BD005B1C5B /* ToDoListApp.swift */,
				D0E5ACC82A8C889F00834F8B /* Info.plist */,
				D01DDD482A8EDA5A009A6CFE /* GoogleService-Info.plist */,
				D0DA56B02ABF91300068D7AD /* Networking */,
				D0DA569D2ABE289E0068D7AD /* Router */,
				D06E922F2A64C8B00064137D /* Extensions */,
				D0FF05F42A5DB63B005B1C5B /* Utils */,
				D0FF06022A5F2883005B1C5B /* Components */,
				D0FF05C82A5CDD33005B1C5B /* Flow */,
				D0FF05C92A5CDD70005B1C5B /* Resources */,
				D0FF05B02A5CC9BE005B1C5B /* Preview Content */,
			);
			path = ToDoList;
			sourceTree = "<group>";
		};
		D0FF05B02A5CC9BE005B1C5B /* Preview Content */ = {
			isa = PBXGroup;
			children = (
				D0FF05B12A5CC9BE005B1C5B /* Preview Assets.xcassets */,
			);
			path = "Preview Content";
			sourceTree = "<group>";
		};
		D0FF05C82A5CDD33005B1C5B /* Flow */ = {
			isa = PBXGroup;
			children = (
				D0FF05AC2A5CC9BD005B1C5B /* HomeView.swift */,
				D0FF05DB2A5CE116005B1C5B /* LoginView.swift */,
				D0FF060B2A5F3103005B1C5B /* RegisterView.swift */,
				D0FF05D72A5CE100005B1C5B /* ToDoListView.swift */,
				D0FF05D32A5CE0ED005B1C5B /* SettingsView.swift */,
			);
			path = Flow;
			sourceTree = "<group>";
		};
		D0FF05C92A5CDD70005B1C5B /* Resources */ = {
			isa = PBXGroup;
			children = (
				D0FF05AE2A5CC9BE005B1C5B /* Assets.xcassets */,
			);
			path = Resources;
			sourceTree = "<group>";
		};
		D0FF05E12A5CE13B005B1C5B /* Models */ = {
			isa = PBXGroup;
			children = (
				D0FF05EA2A5CE1D6005B1C5B /* MainModel.swift */,
				D0FF05E22A5CE160005B1C5B /* UserModel.swift */,
				D039E32F2A74AFF90019B01A /* ToDoListModel.swift */,
				D0FF05E42A5CE170005B1C5B /* ToDoListItemModel.swift */,
				D0DA56A32ABE2B9C0068D7AD /* ListService.swift */,
				D0DA56AE2ABF6F770068D7AD /* AuthService.swift */,
			);
			path = Models;
			sourceTree = "<group>";
		};
		D0FF05F42A5DB63B005B1C5B /* Utils */ = {
			isa = PBXGroup;
			children = (
				D0FF05EE2A5CE1E8005B1C5B /* Validations.swift */,
				D0FF05F52A5DB63B005B1C5B /* ScreenSize.swift */,
				D06E92372A672D570064137D /* StatefulPreviewWrapper.swift */,
				D0DA56AC2ABF5A240068D7AD /* Mock.swift */,
			);
			path = Utils;
			sourceTree = "<group>";
		};
		D0FF06022A5F2883005B1C5B /* Components */ = {
			isa = PBXGroup;
			children = (
				D0FF062B2A632871005B1C5B /* Views */,
			);
			path = Components;
			sourceTree = "<group>";
		};
		D0FF062B2A632871005B1C5B /* Views */ = {
			isa = PBXGroup;
			children = (
				D0FF05F92A5DBB09005B1C5B /* GradientView.swift */,
				D0DA56AA2ABF55F90068D7AD /* AddNewButton.swift */,
				D00AA1122A6DFEFB0021E06D /* SecondaryButton.swift */,
				D0DA8BAD2A7DACF500458284 /* SettingsButton.swift */,
				D0FF05F72A5DBA7E005B1C5B /* HeaderView.swift */,
				D0FF06032A5F2895005B1C5B /* PrimaryButton.swift */,
				D06E92412A6844AD0064137D /* ToggleButton.swift */,
				D01DDD4F2A8EDB84009A6CFE /* SignInWithButton.swift */,
			);
			path = Views;
			sourceTree = "<group>";
		};
/* End PBXGroup section */

/* Begin PBXNativeTarget section */
		D0FF05A62A5CC9BD005B1C5B /* ToDoList */ = {
			isa = PBXNativeTarget;
			buildConfigurationList = D0FF05B52A5CC9BE005B1C5B /* Build configuration list for PBXNativeTarget "ToDoList" */;
			buildPhases = (
				D0FF05A32A5CC9BD005B1C5B /* Sources */,
				D0FF05A42A5CC9BD005B1C5B /* Frameworks */,
				D0FF05A52A5CC9BD005B1C5B /* Resources */,
			);
			buildRules = (
			);
			dependencies = (
			);
			name = ToDoList;
			packageProductDependencies = (
				D0E5ACC02A8C863D00834F8B /* FirebaseAuth */,
				D0E5ACC22A8C863D00834F8B /* FirebaseFirestore */,
				D0E5ACC42A8C863D00834F8B /* FirebaseFirestoreSwift */,
				D01DDD4B2A8EDABC009A6CFE /* GoogleSignIn */,
				D01DDD4D2A8EDABC009A6CFE /* GoogleSignInSwift */,
				D0DA56A12ABE2AAF0068D7AD /* SwiftKeychainWrapper */,
			);
			productName = ToDoList;
			productReference = D0FF05A72A5CC9BD005B1C5B /* ToDoList.app */;
			productType = "com.apple.product-type.application";
		};
/* End PBXNativeTarget section */

/* Begin PBXProject section */
		D0FF059F2A5CC9BD005B1C5B /* Project object */ = {
			isa = PBXProject;
			attributes = {
				BuildIndependentTargetsInParallel = 1;
				LastSwiftUpdateCheck = 1430;
				LastUpgradeCheck = 1430;
				TargetAttributes = {
					D0FF05A62A5CC9BD005B1C5B = {
						CreatedOnToolsVersion = 14.3.1;
					};
				};
			};
			buildConfigurationList = D0FF05A22A5CC9BD005B1C5B /* Build configuration list for PBXProject "ToDoList" */;
			compatibilityVersion = "Xcode 14.0";
			developmentRegion = en;
			hasScannedForEncodings = 0;
			knownRegions = (
				en,
				Base,
			);
			mainGroup = D0FF059E2A5CC9BD005B1C5B;
			packageReferences = (
				D0E5ACBF2A8C863D00834F8B /* XCRemoteSwiftPackageReference "firebase-ios-sdk" */,
				D01DDD4A2A8EDABC009A6CFE /* XCRemoteSwiftPackageReference "GoogleSignIn-iOS" */,
				D0DA56A02ABE2AAF0068D7AD /* XCRemoteSwiftPackageReference "SwiftKeychainWrapper" */,
			);
			productRefGroup = D0FF05A82A5CC9BD005B1C5B /* Products */;
			projectDirPath = "";
			projectRoot = "";
			targets = (
				D0FF05A62A5CC9BD005B1C5B /* ToDoList */,
			);
		};
/* End PBXProject section */

/* Begin PBXResourcesBuildPhase section */
		D0FF05A52A5CC9BD005B1C5B /* Resources */ = {
			isa = PBXResourcesBuildPhase;
			buildActionMask = 2147483647;
			files = (
				D0FF05B22A5CC9BE005B1C5B /* Preview Assets.xcassets in Resources */,
				D0FF05AF2A5CC9BE005B1C5B /* Assets.xcassets in Resources */,
				D01DDD492A8EDA5A009A6CFE /* GoogleService-Info.plist in Resources */,
			);
			runOnlyForDeploymentPostprocessing = 0;
		};
/* End PBXResourcesBuildPhase section */

/* Begin PBXSourcesBuildPhase section */
		D0FF05A32A5CC9BD005B1C5B /* Sources */ = {
			isa = PBXSourcesBuildPhase;
			buildActionMask = 2147483647;
			files = (
				D0FF05EB2A5CE1D6005B1C5B /* MainModel.swift in Sources */,
				D06E92312A64C8CF0064137D /* EncodableExtension.swift in Sources */,
				D0FF05E52A5CE170005B1C5B /* ToDoListItemModel.swift in Sources */,
				D0DA56AB2ABF55F90068D7AD /* AddNewButton.swift in Sources */,
				D039E3302A74AFF90019B01A /* ToDoListModel.swift in Sources */,
				D06E92422A6844AD0064137D /* ToggleButton.swift in Sources */,
				D06E92442A685BB30064137D /* BindingExtension.swift in Sources */,
				D01DDD522A8EDBC4009A6CFE /* ViewExtension.swift in Sources */,
				D0DA56A42ABE2B9C0068D7AD /* ListService.swift in Sources */,
				D0FF05FA2A5DBB09005B1C5B /* GradientView.swift in Sources */,
				D0FF06042A5F2895005B1C5B /* PrimaryButton.swift in Sources */,
				D0DA56AD2ABF5A240068D7AD /* Mock.swift in Sources */,
				D06E92382A672D570064137D /* StatefulPreviewWrapper.swift in Sources */,
				D0FF05EF2A5CE1E8005B1C5B /* Validations.swift in Sources */,
				D0DA56A92ABE2C720068D7AD /* FirestorePath.swift in Sources */,
				D0FF05F82A5DBA7E005B1C5B /* HeaderView.swift in Sources */,
				D0FF05F62A5DB63B005B1C5B /* ScreenSize.swift in Sources */,
				D0FF05DC2A5CE116005B1C5B /* LoginView.swift in Sources */,
				D0FF05AD2A5CC9BD005B1C5B /* HomeView.swift in Sources */,
				D0FF05D42A5CE0ED005B1C5B /* SettingsView.swift in Sources */,
				D0DA8BAE2A7DACF500458284 /* SettingsButton.swift in Sources */,
				D0DA56A72ABE2C300068D7AD /* FirebaseService.swift in Sources */,
				D0DA56AF2ABF6F770068D7AD /* AuthService.swift in Sources */,
				D0FF05AB2A5CC9BD005B1C5B /* ToDoListApp.swift in Sources */,
				D06E92362A672CA60064137D /* AlignmentExtension.swift in Sources */,
				D0FF05E32A5CE160005B1C5B /* UserModel.swift in Sources */,
				D0FF060C2A5F3103005B1C5B /* RegisterView.swift in Sources */,
				D00AA1132A6DFEFB0021E06D /* SecondaryButton.swift in Sources */,
				D01DDD502A8EDB84009A6CFE /* SignInWithButton.swift in Sources */,
				D0FF05D82A5CE100005B1C5B /* ToDoListView.swift in Sources */,
				D01DDD542A8EDC09009A6CFE /* ColorExtension.swift in Sources */,
				D0DA569F2ABE28AC0068D7AD /* Route.swift in Sources */,
			);
			runOnlyForDeploymentPostprocessing = 0;
		};
/* End PBXSourcesBuildPhase section */

/* Begin XCBuildConfiguration section */
		D0FF05B32A5CC9BE005B1C5B /* Debug */ = {
			isa = XCBuildConfiguration;
			buildSettings = {
				ALWAYS_SEARCH_USER_PATHS = NO;
				CLANG_ANALYZER_NONNULL = YES;
				CLANG_ANALYZER_NUMBER_OBJECT_CONVERSION = YES_AGGRESSIVE;
				CLANG_CXX_LANGUAGE_STANDARD = "gnu++20";
				CLANG_ENABLE_MODULES = YES;
				CLANG_ENABLE_OBJC_ARC = YES;
				CLANG_ENABLE_OBJC_WEAK = YES;
				CLANG_WARN_BLOCK_CAPTURE_AUTORELEASING = YES;
				CLANG_WARN_BOOL_CONVERSION = YES;
				CLANG_WARN_COMMA = YES;
				CLANG_WARN_CONSTANT_CONVERSION = YES;
				CLANG_WARN_DEPRECATED_OBJC_IMPLEMENTATIONS = YES;
				CLANG_WARN_DIRECT_OBJC_ISA_USAGE = YES_ERROR;
				CLANG_WARN_DOCUMENTATION_COMMENTS = YES;
				CLANG_WARN_EMPTY_BODY = YES;
				CLANG_WARN_ENUM_CONVERSION = YES;
				CLANG_WARN_INFINITE_RECURSION = YES;
				CLANG_WARN_INT_CONVERSION = YES;
				CLANG_WARN_NON_LITERAL_NULL_CONVERSION = YES;
				CLANG_WARN_OBJC_IMPLICIT_RETAIN_SELF = YES;
				CLANG_WARN_OBJC_LITERAL_CONVERSION = YES;
				CLANG_WARN_OBJC_ROOT_CLASS = YES_ERROR;
				CLANG_WARN_QUOTED_INCLUDE_IN_FRAMEWORK_HEADER = YES;
				CLANG_WARN_RANGE_LOOP_ANALYSIS = YES;
				CLANG_WARN_STRICT_PROTOTYPES = YES;
				CLANG_WARN_SUSPICIOUS_MOVE = YES;
				CLANG_WARN_UNGUARDED_AVAILABILITY = YES_AGGRESSIVE;
				CLANG_WARN_UNREACHABLE_CODE = YES;
				CLANG_WARN__DUPLICATE_METHOD_MATCH = YES;
				COPY_PHASE_STRIP = NO;
				DEBUG_INFORMATION_FORMAT = dwarf;
				ENABLE_STRICT_OBJC_MSGSEND = YES;
				ENABLE_TESTABILITY = YES;
				GCC_C_LANGUAGE_STANDARD = gnu11;
				GCC_DYNAMIC_NO_PIC = NO;
				GCC_NO_COMMON_BLOCKS = YES;
				GCC_OPTIMIZATION_LEVEL = 0;
				GCC_PREPROCESSOR_DEFINITIONS = (
					"DEBUG=1",
					"$(inherited)",
				);
				GCC_WARN_64_TO_32_BIT_CONVERSION = YES;
				GCC_WARN_ABOUT_RETURN_TYPE = YES_ERROR;
				GCC_WARN_UNDECLARED_SELECTOR = YES;
				GCC_WARN_UNINITIALIZED_AUTOS = YES_AGGRESSIVE;
				GCC_WARN_UNUSED_FUNCTION = YES;
				GCC_WARN_UNUSED_VARIABLE = YES;
				IPHONEOS_DEPLOYMENT_TARGET = 16.0;
				MTL_ENABLE_DEBUG_INFO = INCLUDE_SOURCE;
				MTL_FAST_MATH = YES;
				ONLY_ACTIVE_ARCH = YES;
				SDKROOT = iphoneos;
				SWIFT_ACTIVE_COMPILATION_CONDITIONS = DEBUG;
				SWIFT_OPTIMIZATION_LEVEL = "-Onone";
			};
			name = Debug;
		};
		D0FF05B42A5CC9BE005B1C5B /* Release */ = {
			isa = XCBuildConfiguration;
			buildSettings = {
				ALWAYS_SEARCH_USER_PATHS = NO;
				CLANG_ANALYZER_NONNULL = YES;
				CLANG_ANALYZER_NUMBER_OBJECT_CONVERSION = YES_AGGRESSIVE;
				CLANG_CXX_LANGUAGE_STANDARD = "gnu++20";
				CLANG_ENABLE_MODULES = YES;
				CLANG_ENABLE_OBJC_ARC = YES;
				CLANG_ENABLE_OBJC_WEAK = YES;
				CLANG_WARN_BLOCK_CAPTURE_AUTORELEASING = YES;
				CLANG_WARN_BOOL_CONVERSION = YES;
				CLANG_WARN_COMMA = YES;
				CLANG_WARN_CONSTANT_CONVERSION = YES;
				CLANG_WARN_DEPRECATED_OBJC_IMPLEMENTATIONS = YES;
				CLANG_WARN_DIRECT_OBJC_ISA_USAGE = YES_ERROR;
				CLANG_WARN_DOCUMENTATION_COMMENTS = YES;
				CLANG_WARN_EMPTY_BODY = YES;
				CLANG_WARN_ENUM_CONVERSION = YES;
				CLANG_WARN_INFINITE_RECURSION = YES;
				CLANG_WARN_INT_CONVERSION = YES;
				CLANG_WARN_NON_LITERAL_NULL_CONVERSION = YES;
				CLANG_WARN_OBJC_IMPLICIT_RETAIN_SELF = YES;
				CLANG_WARN_OBJC_LITERAL_CONVERSION = YES;
				CLANG_WARN_OBJC_ROOT_CLASS = YES_ERROR;
				CLANG_WARN_QUOTED_INCLUDE_IN_FRAMEWORK_HEADER = YES;
				CLANG_WARN_RANGE_LOOP_ANALYSIS = YES;
				CLANG_WARN_STRICT_PROTOTYPES = YES;
				CLANG_WARN_SUSPICIOUS_MOVE = YES;
				CLANG_WARN_UNGUARDED_AVAILABILITY = YES_AGGRESSIVE;
				CLANG_WARN_UNREACHABLE_CODE = YES;
				CLANG_WARN__DUPLICATE_METHOD_MATCH = YES;
				COPY_PHASE_STRIP = NO;
				DEBUG_INFORMATION_FORMAT = "dwarf-with-dsym";
				ENABLE_NS_ASSERTIONS = NO;
				ENABLE_STRICT_OBJC_MSGSEND = YES;
				GCC_C_LANGUAGE_STANDARD = gnu11;
				GCC_NO_COMMON_BLOCKS = YES;
				GCC_WARN_64_TO_32_BIT_CONVERSION = YES;
				GCC_WARN_ABOUT_RETURN_TYPE = YES_ERROR;
				GCC_WARN_UNDECLARED_SELECTOR = YES;
				GCC_WARN_UNINITIALIZED_AUTOS = YES_AGGRESSIVE;
				GCC_WARN_UNUSED_FUNCTION = YES;
				GCC_WARN_UNUSED_VARIABLE = YES;
				IPHONEOS_DEPLOYMENT_TARGET = 16.0;
				MTL_ENABLE_DEBUG_INFO = NO;
				MTL_FAST_MATH = YES;
				SDKROOT = iphoneos;
				SWIFT_COMPILATION_MODE = wholemodule;
				SWIFT_OPTIMIZATION_LEVEL = "-O";
				VALIDATE_PRODUCT = YES;
			};
			name = Release;
		};
		D0FF05B62A5CC9BE005B1C5B /* Debug */ = {
			isa = XCBuildConfiguration;
			buildSettings = {
				ASSETCATALOG_COMPILER_APPICON_NAME = AppIcon;
				ASSETCATALOG_COMPILER_GLOBAL_ACCENT_COLOR_NAME = AccentColor;
				CODE_SIGN_STYLE = Automatic;
				CURRENT_PROJECT_VERSION = 1;
				DEVELOPMENT_ASSET_PATHS = "\"ToDoList/Preview Content\"";
				DEVELOPMENT_TEAM = JGMV95L4F7;
				ENABLE_PREVIEWS = YES;
				GENERATE_INFOPLIST_FILE = YES;
				INFOPLIST_FILE = ToDoList/Info.plist;
				INFOPLIST_KEY_CFBundleDisplayName = "To Do List";
				INFOPLIST_KEY_UIApplicationSceneManifest_Generation = YES;
				INFOPLIST_KEY_UIApplicationSupportsIndirectInputEvents = YES;
				INFOPLIST_KEY_UILaunchScreen_Generation = YES;
				INFOPLIST_KEY_UISupportedInterfaceOrientations = UIInterfaceOrientationPortrait;
				IPHONEOS_DEPLOYMENT_TARGET = 16.0;
				LD_RUNPATH_SEARCH_PATHS = (
					"$(inherited)",
					"@executable_path/Frameworks",
				);
				MARKETING_VERSION = 1.0;
				PRODUCT_BUNDLE_IDENTIFIER = eyupyasuntimur.ToDoList;
				PRODUCT_NAME = "$(TARGET_NAME)";
				SWIFT_EMIT_LOC_STRINGS = YES;
				SWIFT_VERSION = 5.0;
				TARGETED_DEVICE_FAMILY = "1,2";
			};
			name = Debug;
		};
		D0FF05B72A5CC9BE005B1C5B /* Release */ = {
			isa = XCBuildConfiguration;
			buildSettings = {
				ASSETCATALOG_COMPILER_APPICON_NAME = AppIcon;
				ASSETCATALOG_COMPILER_GLOBAL_ACCENT_COLOR_NAME = AccentColor;
				CODE_SIGN_STYLE = Automatic;
				CURRENT_PROJECT_VERSION = 1;
				DEVELOPMENT_ASSET_PATHS = "\"ToDoList/Preview Content\"";
				DEVELOPMENT_TEAM = JGMV95L4F7;
				ENABLE_PREVIEWS = YES;
				GENERATE_INFOPLIST_FILE = YES;
				INFOPLIST_FILE = ToDoList/Info.plist;
				INFOPLIST_KEY_CFBundleDisplayName = "To Do List";
				INFOPLIST_KEY_UIApplicationSceneManifest_Generation = YES;
				INFOPLIST_KEY_UIApplicationSupportsIndirectInputEvents = YES;
				INFOPLIST_KEY_UILaunchScreen_Generation = YES;
				INFOPLIST_KEY_UISupportedInterfaceOrientations = UIInterfaceOrientationPortrait;
				IPHONEOS_DEPLOYMENT_TARGET = 16.0;
				LD_RUNPATH_SEARCH_PATHS = (
					"$(inherited)",
					"@executable_path/Frameworks",
				);
				MARKETING_VERSION = 1.0;
				PRODUCT_BUNDLE_IDENTIFIER = eyupyasuntimur.ToDoList;
				PRODUCT_NAME = "$(TARGET_NAME)";
				SWIFT_EMIT_LOC_STRINGS = YES;
				SWIFT_VERSION = 5.0;
				TARGETED_DEVICE_FAMILY = "1,2";
			};
			name = Release;
		};
/* End XCBuildConfiguration section */

/* Begin XCConfigurationList section */
		D0FF05A22A5CC9BD005B1C5B /* Build configuration list for PBXProject "ToDoList" */ = {
			isa = XCConfigurationList;
			buildConfigurations = (
				D0FF05B32A5CC9BE005B1C5B /* Debug */,
				D0FF05B42A5CC9BE005B1C5B /* Release */,
			);
			defaultConfigurationIsVisible = 0;
			defaultConfigurationName = Release;
		};
		D0FF05B52A5CC9BE005B1C5B /* Build configuration list for PBXNativeTarget "ToDoList" */ = {
			isa = XCConfigurationList;
			buildConfigurations = (
				D0FF05B62A5CC9BE005B1C5B /* Debug */,
				D0FF05B72A5CC9BE005B1C5B /* Release */,
			);
			defaultConfigurationIsVisible = 0;
			defaultConfigurationName = Release;
		};
/* End XCConfigurationList section */

/* Begin XCRemoteSwiftPackageReference section */
		D01DDD4A2A8EDABC009A6CFE /* XCRemoteSwiftPackageReference "GoogleSignIn-iOS" */ = {
			isa = XCRemoteSwiftPackageReference;
			repositoryURL = "https://github.com/google/GoogleSignIn-iOS";
			requirement = {
				kind = upToNextMajorVersion;
				minimumVersion = 7.0.0;
			};
		};
		D0DA56A02ABE2AAF0068D7AD /* XCRemoteSwiftPackageReference "SwiftKeychainWrapper" */ = {
			isa = XCRemoteSwiftPackageReference;
			repositoryURL = "https://github.com/jrendel/SwiftKeychainWrapper";
			requirement = {
				kind = upToNextMajorVersion;
				minimumVersion = 4.0.1;
			};
		};
		D0E5ACBF2A8C863D00834F8B /* XCRemoteSwiftPackageReference "firebase-ios-sdk" */ = {
			isa = XCRemoteSwiftPackageReference;
			repositoryURL = "https://github.com/firebase/firebase-ios-sdk.git";
			requirement = {
				kind = upToNextMajorVersion;
				minimumVersion = 10.0.0;
			};
		};
/* End XCRemoteSwiftPackageReference section */

/* Begin XCSwiftPackageProductDependency section */
		D01DDD4B2A8EDABC009A6CFE /* GoogleSignIn */ = {
			isa = XCSwiftPackageProductDependency;
			package = D01DDD4A2A8EDABC009A6CFE /* XCRemoteSwiftPackageReference "GoogleSignIn-iOS" */;
			productName = GoogleSignIn;
		};
		D01DDD4D2A8EDABC009A6CFE /* GoogleSignInSwift */ = {
			isa = XCSwiftPackageProductDependency;
			package = D01DDD4A2A8EDABC009A6CFE /* XCRemoteSwiftPackageReference "GoogleSignIn-iOS" */;
			productName = GoogleSignInSwift;
		};
		D0DA56A12ABE2AAF0068D7AD /* SwiftKeychainWrapper */ = {
			isa = XCSwiftPackageProductDependency;
			package = D0DA56A02ABE2AAF0068D7AD /* XCRemoteSwiftPackageReference "SwiftKeychainWrapper" */;
			productName = SwiftKeychainWrapper;
		};
		D0E5ACC02A8C863D00834F8B /* FirebaseAuth */ = {
			isa = XCSwiftPackageProductDependency;
			package = D0E5ACBF2A8C863D00834F8B /* XCRemoteSwiftPackageReference "firebase-ios-sdk" */;
			productName = FirebaseAuth;
		};
		D0E5ACC22A8C863D00834F8B /* FirebaseFirestore */ = {
			isa = XCSwiftPackageProductDependency;
			package = D0E5ACBF2A8C863D00834F8B /* XCRemoteSwiftPackageReference "firebase-ios-sdk" */;
			productName = FirebaseFirestore;
		};
		D0E5ACC42A8C863D00834F8B /* FirebaseFirestoreSwift */ = {
			isa = XCSwiftPackageProductDependency;
			package = D0E5ACBF2A8C863D00834F8B /* XCRemoteSwiftPackageReference "firebase-ios-sdk" */;
			productName = FirebaseFirestoreSwift;
		};
/* End XCSwiftPackageProductDependency section */
	};
	rootObject = D0FF059F2A5CC9BD005B1C5B /* Project object */;
}
